# THIS IS AN AUTOGENERATED FILE. DO NOT EDIT THIS FILE DIRECTLY.
# yarn lockfile v1


crypto@0.0.3:
  version "0.0.3"
  resolved "https://registry.yarnpkg.com/crypto/-/crypto-0.0.3.tgz#470a81b86be4c5ee17acc8207a1f5315ae20dbb0"
  integrity sha512-Q6Ka98WcvWXXg+9cnqd3jHpTSIOaH6/q0m/bESMfQo/0uFxy6e/7EqVS4JdaWx9qLdqV56tDufy2b12dj7BHJg==

probability-distributions@^0.9.1:
  version "0.9.1"
  resolved "https://registry.yarnpkg.com/probability-distributions/-/probability-distributions-0.9.1.tgz#c689c8d62173bb281a0999e98263acc76a628e55"
  integrity sha512-guES77A321GzcK6swYmxhBeYQ10UNyiG0Gf4Ks+3239BuS27EFH/rrlfBW/oYlPyiufdey/3OlVqKvlXFB9LTQ==
  dependencies:
    crypto "0.0.3"
